<?xml version="1.0" encoding="utf-8"?>
<Project ToolsVersion="4.0" xmlns="http://schemas.microsoft.com/developer/msbuild/2003">
  <ItemGroup>
    <Filter Include="Source Files">
      <UniqueIdentifier>{4FC737F1-C7A5-4376-A066-2A32D752A2FF}</UniqueIdentifier>
      <Extensions>cpp;c;cc;cxx;def;odl;idl;hpj;bat;asm;asmx</Extensions>
    </Filter>
    <Filter Include="Header Files">
      <UniqueIdentifier>{93995380-89BD-4b04-88EB-625FBE52EBFB}</UniqueIdentifier>
      <Extensions>h;hh;hpp;hxx;hm;inl;inc;ipp;xsd</Extensions>
    </Filter>
    <Filter Include="Resource Files">
      <UniqueIdentifier>{67DA6AB6-F800-4c08-8B7A-83BB121AAD01}</UniqueIdentifier>
      <Extensions>rc;ico;cur;bmp;dlg;rc2;rct;bin;rgs;gif;jpg;jpeg;jpe;resx;tiff;tif;png;wav;mfcribbon-ms</Extensions>
    </Filter>
    <Filter Include="External Resources">
      <UniqueIdentifier>{4df3febe-50aa-4a62-90a8-71aadc843ff4}</UniqueIdentifier>
    </Filter>
    <Filter Include="External Resources\Imgui">
      <UniqueIdentifier>{52575c54-ed32-40f3-823f-f92a3f5f65e9}</UniqueIdentifier>
    </Filter>
    <Filter Include="Header Files\GUI">
      <UniqueIdentifier>{6b468164-12c6-4f60-a0ab-4dd01f8f7bc0}</UniqueIdentifier>
    </Filter>
    <Filter Include="Source Files\GUI">
      <UniqueIdentifier>{8b96502a-323e-4e9b-a985-8ed6d66d6d69}</UniqueIdentifier>
    </Filter>
    <Filter Include="Source Files\Graphic">
      <UniqueIdentifier>{c0409082-060d-4ae7-a6dc-b26c019f2b90}</UniqueIdentifier>
    </Filter>
    <Filter Include="Header Files\Graphic">
      <UniqueIdentifier>{f4ee5b18-d115-495c-b9d6-214c638c3b20}</UniqueIdentifier>
    </Filter>
    <Filter Include="Header Files\Scene">
      <UniqueIdentifier>{4b8a072a-d36d-413f-a4b2-d56f69f21eb4}</UniqueIdentifier>
    </Filter>
    <Filter Include="Source Files\Scene">
      <UniqueIdentifier>{a437fec9-aaa1-4007-b747-011b9e4fd9cd}</UniqueIdentifier>
    </Filter>
    <Filter Include="Header Files\GUI\GUI_Windows">
      <UniqueIdentifier>{41c48be7-3a1a-43cb-afcf-7573afe6f23a}</UniqueIdentifier>
    </Filter>
    <Filter Include="Source Files\GUI\GUI_Windows">
      <UniqueIdentifier>{1b973a22-67e8-4522-b947-62a87ddaf9f1}</UniqueIdentifier>
    </Filter>
  </ItemGroup>
  <ItemGroup>
    <ClInclude Include="..\External Resources\include\Imgui\imconfig.h">
      <Filter>External Resources\Imgui</Filter>
    </ClInclude>
    <ClInclude Include="..\External Resources\include\Imgui\imgui.h">
      <Filter>External Resources\Imgui</Filter>
    </ClInclude>
    <ClInclude Include="..\External Resources\include\Imgui\imgui_impl_glfw.h">
      <Filter>External Resources\Imgui</Filter>
    </ClInclude>
    <ClInclude Include="..\External Resources\include\Imgui\imgui_impl_opengl3.h">
      <Filter>External Resources\Imgui</Filter>
    </ClInclude>
    <ClInclude Include="..\External Resources\include\Imgui\imgui_internal.h">
      <Filter>External Resources\Imgui</Filter>
    </ClInclude>
    <ClInclude Include="..\External Resources\include\Imgui\imstb_rectpack.h">
      <Filter>External Resources\Imgui</Filter>
    </ClInclude>
    <ClInclude Include="..\External Resources\include\Imgui\imstb_textedit.h">
      <Filter>External Resources\Imgui</Filter>
    </ClInclude>
    <ClInclude Include="..\External Resources\include\Imgui\imstb_truetype.h">
      <Filter>External Resources\Imgui</Filter>
    </ClInclude>
    <ClInclude Include="Editor\Header\EditorStartPoint.hpp">
      <Filter>Header Files</Filter>
    </ClInclude>
    <ClInclude Include="Editor\Header\Graphic\EditorSceneCamera.hpp">
      <Filter>Header Files\Graphic</Filter>
    </ClInclude>
    <ClInclude Include="Editor\Header\GUI\GUI.hpp">
      <Filter>Header Files\GUI</Filter>
    </ClInclude>
    <ClInclude Include="Editor\Header\GUI\GUIWindow.hpp">
      <Filter>Header Files\GUI</Filter>
    </ClInclude>
    <ClInclude Include="Editor\Header\Scene\EditorSceneManager.hpp">
      <Filter>Header Files\Scene</Filter>
    </ClInclude>
    <ClInclude Include="Editor\Header\GUI\ContentBroswerPanel.hpp">
      <Filter>Header Files</Filter>
    </ClInclude>
    <ClInclude Include="Editor\Header\GUI\GUI_Windows\GUI_ProfilerWindow.hpp">
      <Filter>Header Files\GUI\GUI_Windows</Filter>
    </ClInclude>
  </ItemGroup>
  <ItemGroup>
    <ClCompile Include="..\External Resources\include\Imgui\imgui.cpp">
      <Filter>External Resources\Imgui</Filter>
    </ClCompile>
    <ClCompile Include="..\External Resources\include\Imgui\imgui_demo.cpp">
      <Filter>External Resources\Imgui</Filter>
    </ClCompile>
    <ClCompile Include="..\External Resources\include\Imgui\imgui_draw.cpp">
      <Filter>External Resources\Imgui</Filter>
    </ClCompile>
    <ClCompile Include="..\External Resources\include\Imgui\imgui_impl_glfw.cpp">
      <Filter>External Resources\Imgui</Filter>
    </ClCompile>
    <ClCompile Include="..\External Resources\include\Imgui\imgui_impl_opengl3.cpp">
      <Filter>External Resources\Imgui</Filter>
    </ClCompile>
    <ClCompile Include="..\External Resources\include\Imgui\imgui_tables.cpp">
      <Filter>External Resources\Imgui</Filter>
    </ClCompile>
    <ClCompile Include="..\External Resources\include\Imgui\imgui_widgets.cpp">
      <Filter>External Resources\Imgui</Filter>
    </ClCompile>
    <ClCompile Include="Editor\Code\Main.cpp">
      <Filter>Source Files</Filter>
    </ClCompile>
    <ClCompile Include="Editor\Code\EditorStartPoint.cpp">
      <Filter>Source Files</Filter>
    </ClCompile>
    <ClCompile Include="Editor\Code\Graphic\EditorSceneCamera.cpp">
      <Filter>Source Files\Graphic</Filter>
    </ClCompile>
    <ClCompile Include="Editor\Code\GUI\GUI.cpp">
      <Filter>Source Files\GUI</Filter>
    </ClCompile>
    <ClCompile Include="Editor\Code\GUI\GUI_Window.cpp">
      <Filter>Source Files\GUI</Filter>
    </ClCompile>
    <ClCompile Include="Editor\Code\Scene\EditorSceneManager.cpp">
      <Filter>Source Files\Scene</Filter>
    </ClCompile>
    <ClCompile Include="Editor\Code\GUI\GUI_Windows\GUI_ProfilerWindow.cpp">
      <Filter>Source Files\GUI\GUI_Windows</Filter>
    </ClCompile>
  </ItemGroup>
</Project>