<?xml version="1.0" encoding="utf-8"?>
<Project ToolsVersion="4.0" xmlns="http://schemas.microsoft.com/developer/msbuild/2003">
  <ItemGroup>
    <ClCompile Include="..\External Resources\include\stb_image\stb_image.cpp" />
    <ClCompile Include="Engine\Code\Application.cpp" />
    <ClCompile Include="Engine\Code\DeltaTime\DeltaTime.cpp" />
    <ClCompile Include="Engine\Code\ECS\Component\Graphics\CameraComponent.cpp" />
    <ClCompile Include="Engine\Code\ECS\Component\Graphics\TextureComponent.cpp" />
    <ClCompile Include="Engine\Code\ECS\Component\Graphics\TransformComponent.cpp" />
    <ClCompile Include="Engine\Code\ECS\Component\Physics\ColliderComponent.cpp" />
    <ClCompile Include="Engine\Code\ECS\Component\Physics\RigidBodyComponent.cpp" />
    <ClCompile Include="Engine\Code\ECS\Component\Script\ScriptComponent.cpp" />
    <ClCompile Include="Engine\Code\ECS\DreamECS.cpp" />
    <ClCompile Include="Engine\Code\ECS\Factory.cpp" />
    <ClCompile Include="Engine\Code\ECS\System\CameraSystem.cpp" />
    <ClCompile Include="Engine\Code\ECS\System\GraphicSystem.cpp" />
    <ClCompile Include="Engine\Code\ECS\System\CollisionSystem.cpp" />
    <ClCompile Include="Engine\Code\ECS\System\ScriptSystem.cpp" />
    <ClCompile Include="Engine\Code\EngineCore.cpp" />
    <ClCompile Include="Engine\Code\Event\EventDispatcher.cpp" />
    <ClCompile Include="Engine\Code\Event\KeyEvent.cpp" />
    <ClCompile Include="Engine\Code\Event\MouseEvent.cpp" />
    <ClCompile Include="Engine\Code\Event\OverlapColliderEvent.cpp" />
    <ClCompile Include="Engine\Code\Event\WindowEvent.cpp" />
    <ClCompile Include="Engine\Code\Graphic\debugdraw.cpp" />
    <ClCompile Include="Engine\Code\Graphic\glslshader.cpp" />
    <ClCompile Include="Engine\Code\Graphic\Graphic.cpp" />
    <ClCompile Include="Engine\Code\Input\Input.cpp" />
    <ClCompile Include="Engine\Code\Graphic\mesh.cpp" />
    <ClCompile Include="Engine\Code\Graphic\shader.cpp" />
    <ClCompile Include="Engine\Code\Layer\LayerStack.cpp" />
    <ClCompile Include="Engine\Code\Management\AssetManager.cpp" />
    <ClCompile Include="Engine\Code\Management\FileManager.cpp" />
    <ClCompile Include="Engine\Code\Management\GameState.cpp" />
    <ClCompile Include="Engine\Code\Management\TextureManager.cpp" />
    <ClCompile Include="Engine\Code\Management\Settings.cpp" />
    <ClCompile Include="Engine\Code\Physics\Collision.cpp" />
    <ClCompile Include="Engine\Code\Physics\Physics.cpp" />
    <ClCompile Include="Engine\Code\Scene\Scene.cpp" />
    <ClCompile Include="Engine\Code\Scene\SceneManager.cpp" />
    <ClCompile Include="Engine\Code\Script\ScriptClassVariable.cpp" />
    <ClCompile Include="Engine\Code\Script\Scripting.cpp" />
    <ClCompile Include="Engine\Code\Script\ScriptInternalCall.cpp" />
    <ClCompile Include="Engine\Code\Serialize\DSerializer.cpp" />
    <ClCompile Include="Engine\Code\Serialize\GameSceneSerializer.cpp" />
    <ClCompile Include="Engine\Code\Serialize\SSerialiser.cpp" />
    <ClCompile Include="Engine\Code\Window.cpp" />
    <ClCompile Include="Engine\Header\ECS\System\PhysicsSystem.cpp" />
    <ClCompile Include="Engine\Code\Graphic\FontSystem.cpp" />
  </ItemGroup>
  <ItemGroup>
    <ClInclude Include="..\External Resources\include\rapidjson\allocators.h" />
    <ClInclude Include="..\External Resources\include\rapidjson\cursorstreamwrapper.h" />
    <ClInclude Include="..\External Resources\include\rapidjson\document.h" />
    <ClInclude Include="..\External Resources\include\rapidjson\encodedstream.h" />
    <ClInclude Include="..\External Resources\include\rapidjson\encodings.h" />
    <ClInclude Include="..\External Resources\include\rapidjson\filereadstream.h" />
    <ClInclude Include="..\External Resources\include\rapidjson\filewritestream.h" />
    <ClInclude Include="..\External Resources\include\rapidjson\fwd.h" />
    <ClInclude Include="..\External Resources\include\rapidjson\istreamwrapper.h" />
    <ClInclude Include="..\External Resources\include\rapidjson\memorybuffer.h" />
    <ClInclude Include="..\External Resources\include\rapidjson\memorystream.h" />
    <ClInclude Include="..\External Resources\include\rapidjson\ostreamwrapper.h" />
    <ClInclude Include="..\External Resources\include\rapidjson\pointer.h" />
    <ClInclude Include="..\External Resources\include\rapidjson\prettywriter.h" />
    <ClInclude Include="..\External Resources\include\rapidjson\rapidjson.h" />
    <ClInclude Include="..\External Resources\include\rapidjson\reader.h" />
    <ClInclude Include="..\External Resources\include\rapidjson\schema.h" />
    <ClInclude Include="..\External Resources\include\rapidjson\stream.h" />
    <ClInclude Include="..\External Resources\include\rapidjson\stringbuffer.h" />
    <ClInclude Include="..\External Resources\include\rapidjson\uri.h" />
    <ClInclude Include="..\External Resources\include\rapidjson\writer.h" />
    <ClInclude Include="..\External Resources\include\stb_image\stb_image.h" />
    <ClInclude Include="Engine\Header\Application.hpp" />
    <ClInclude Include="Engine\Header\Debug Tools\Logging.hpp" />
    <ClInclude Include="Engine\Header\DeltaTime\DeltaTime.hpp" />
    <ClInclude Include="Engine\Header\ECS\Component\ComponentArray.hpp" />
    <ClInclude Include="Engine\Header\ECS\Component\ComponentList.hpp" />
    <ClInclude Include="Engine\Header\ECS\Component\ComponentManager.hpp" />
    <ClInclude Include="Engine\Header\ECS\Component\Graphics\CameraComponent.hpp" />
    <ClInclude Include="Engine\Header\ECS\Component\Graphics\TextureComponent.hpp" />
    <ClInclude Include="Engine\Header\ECS\Component\Graphics\TransformComponent.hpp" />
    <ClInclude Include="Engine\Header\ECS\Component\IComponent.hpp" />
    <ClInclude Include="Engine\Header\ECS\Component\Physics\ColliderComponent.hpp" />
    <ClInclude Include="Engine\Header\ECS\Component\Physics\RigidBodyComponent.hpp" />
    <ClInclude Include="Engine\Header\ECS\Component\Script\ScriptComponent.hpp" />
    <ClInclude Include="Engine\Header\ECS\Coordinator.hpp" />
    <ClInclude Include="Engine\Header\ECS\ECSGlobal.hpp" />
    <ClInclude Include="Engine\Header\ECS\DreamECS.hpp" />
    <ClInclude Include="Engine\Header\ECS\Entity\EntityManager.hpp" />
    <ClInclude Include="Engine\Header\ECS\Factory.hpp" />
    <ClInclude Include="Engine\Header\ECS\System\CameraSystem.hpp" />
    <ClInclude Include="Engine\Header\ECS\System\GraphicSystem.hpp" />
    <ClInclude Include="Engine\Header\ECS\System\CollisionSystem.hpp" />
    <ClInclude Include="Engine\Header\ECS\System\PhysicsSystem.hpp" />
    <ClInclude Include="Engine\Header\ECS\System\ScriptSystem.hpp" />
    <ClInclude Include="Engine\Header\ECS\System\System.hpp" />
    <ClInclude Include="Engine\Header\ECS\System\SystemList.hpp" />
    <ClInclude Include="Engine\Header\ECS\System\SystemManager.hpp" />
    <ClInclude Include="Engine\Header\ECS\temECSDescription.hpp" />
    <ClInclude Include="Engine\Header\EngineCore.hpp" />
    <ClInclude Include="Engine\Header\Event\Event.hpp" />
    <ClInclude Include="Engine\Header\Event\EventDispatcher.hpp" />
    <ClInclude Include="Engine\Header\Event\KeyEvent.hpp" />
    <ClInclude Include="Engine\Header\Event\MouseEvent.hpp" />
    <ClInclude Include="Engine\Header\Event\OverlapColliderEvent.hpp" />
    <ClInclude Include="Engine\Header\Event\WindowEvent.hpp" />
    <ClInclude Include="Engine\Header\framework.hpp" />
    <ClInclude Include="Engine\Header\Graphic\debugdraw.hpp" />
    <ClInclude Include="Engine\Header\Graphic\glslshader.hpp" />
    <ClInclude Include="Engine\Header\Graphic\Graphic.hpp" />
    <ClInclude Include="Engine\Header\Graphic\GraphicOptions.hpp" />
    <ClInclude Include="Engine\Header\Input\Input.hpp" />
    <ClInclude Include="Engine\Header\Input\InputCode.hpp" />
    <ClInclude Include="Engine\Header\Graphic\mesh.hpp" />
    <ClInclude Include="Engine\Header\Graphic\shader.hpp" />
    <ClInclude Include="Engine\Header\Layer\Layer.hpp" />
    <ClInclude Include="Engine\Header\Layer\LayerStack.hpp" />
    <ClInclude Include="Engine\Header\Management\AssetManager.hpp" />
    <ClInclude Include="Engine\Header\Management\FileManager.hpp" />
    <ClInclude Include="Engine\Header\Management\GameState.hpp" />
    <ClInclude Include="Engine\Header\Management\TextureManager.hpp" />
    <ClInclude Include="Engine\Header\Management\Settings.hpp" />
    <ClInclude Include="Engine\Header\Math\Internal\CommonMath.hpp" />
    <ClInclude Include="Engine\Header\Math\Internal\MathConstants.hpp" />
    <ClInclude Include="Engine\Header\Math\Internal\VectorMath.hpp" />
    <ClInclude Include="Engine\Header\Math\MathInternal.hpp" />
    <ClInclude Include="Engine\Header\Math\MathLib.hpp" />
    <ClInclude Include="Engine\Header\Math\Matrix.hpp" />
    <ClInclude Include="Engine\Header\Math\Matrix3.hpp" />
    <ClInclude Include="Engine\Header\Math\Vector.hpp" />
    <ClInclude Include="Engine\Header\Math\Vector2D.hpp" />
    <ClInclude Include="Engine\Header\Math\Vector3D.hpp" />
    <ClInclude Include="Engine\Header\pch.hpp" />
    <ClInclude Include="Engine\Header\Physics\Collision.hpp" />
    <ClInclude Include="Engine\Header\Physics\Physics.hpp" />
    <ClInclude Include="Engine\Header\Resource.hpp" />
    <ClInclude Include="Engine\Header\Scene\Scene.hpp" />
    <ClInclude Include="Engine\Header\Scene\SceneManager.hpp" />
    <ClInclude Include="Engine\Header\Script\MonoFunctionType.hpp" />
    <ClInclude Include="Engine\Header\Script\ScriptClass.hpp" />
    <ClInclude Include="Engine\Header\Script\ScriptClassVariable.hpp" />
    <ClInclude Include="Engine\Header\Script\Scripting.hpp" />
    <ClInclude Include="Engine\Header\Script\ScriptInternalCall.hpp" />
    <ClInclude Include="Engine\Header\Serialize\DSerializer.hpp" />
    <ClInclude Include="Engine\Header\Serialize\GameSceneSerializer.hpp" />
    <ClInclude Include="Engine\Header\Serialize\SSerializer.hpp" />
    <ClInclude Include="Engine\Header\Singleton\Singleton.hpp" />
    <ClInclude Include="Engine\Header\targetver.hpp" />
    <ClInclude Include="Engine\Header\Window.hpp" />
    <ClInclude Include="Engine\Header\Graphic\FontSystem.hpp" />
  </ItemGroup>
</Project>