<?xml version="1.0" encoding="utf-8"?>
<Project ToolsVersion="4.0" xmlns="http://schemas.microsoft.com/developer/msbuild/2003">
  <ItemGroup>
    <ClCompile Include="External Resources\Imgui\imgui.cpp">
      <Filter>IMGUI</Filter>
    </ClCompile>
    <ClCompile Include="External Resources\Imgui\imgui_demo.cpp">
      <Filter>IMGUI</Filter>
    </ClCompile>
    <ClCompile Include="External Resources\Imgui\imgui_draw.cpp">
      <Filter>IMGUI</Filter>
    </ClCompile>
    <ClCompile Include="External Resources\Imgui\imgui_impl_glfw.cpp">
      <Filter>IMGUI</Filter>
    </ClCompile>
    <ClCompile Include="External Resources\Imgui\imgui_impl_opengl3.cpp">
      <Filter>IMGUI</Filter>
    </ClCompile>
    <ClCompile Include="External Resources\Imgui\imgui_tables.cpp">
      <Filter>IMGUI</Filter>
    </ClCompile>
    <ClCompile Include="External Resources\Imgui\imgui_widgets.cpp">
      <Filter>IMGUI</Filter>
    </ClCompile>
    <ClCompile Include="src\Code\Application.cpp">
      <Filter>Source</Filter>
    </ClCompile>
    <ClCompile Include="src\Code\Window.cpp">
      <Filter>Source</Filter>
    </ClCompile>
    <ClCompile Include="src\Code\Layer\GUILayer.cpp">
      <Filter>Source\Layer</Filter>
    </ClCompile>
    <ClCompile Include="src\Code\Layer\LayerStack.cpp">
      <Filter>Source\Layer</Filter>
    </ClCompile>
    <ClCompile Include="src\Code\System\PhysicSystem.cpp">
      <Filter>Source\System</Filter>
    </ClCompile>
    <ClCompile Include="src\Header\System\GraphicSystem.cpp">
      <Filter>Source\System</Filter>
    </ClCompile>
    <ClCompile Include="src\Code\Graphic\glslshader.cpp">
      <Filter>Source\Graphic</Filter>
    </ClCompile>
    <ClCompile Include="src\Code\Graphic\Graphic.cpp">
      <Filter>Source\Graphic</Filter>
    </ClCompile>
    <ClCompile Include="src\Code\Physic\Physic.cpp">
      <Filter>Source\Physic</Filter>
    </ClCompile>
    <ClCompile Include="src\Code\Graphic\Camera.cpp">
      <Filter>Source\Graphic</Filter>
    </ClCompile>
    <ClCompile Include="src\Code\Main.cpp">
      <Filter>Source</Filter>
    </ClCompile>
    <ClCompile Include="src\Code\Factory\Factory.cpp">
      <Filter>Source\Factory</Filter>
    </ClCompile>
    <ClCompile Include="src\Code\GameScene.cpp">
      <Filter>Source</Filter>
    </ClCompile>
    <ClCompile Include="src\Code\System\ScriptSystem.cpp">
      <Filter>Source\System</Filter>
    </ClCompile>
  </ItemGroup>
  <ItemGroup>
    <ClInclude Include="External Resources\Imgui\imconfig.h">
      <Filter>IMGUI</Filter>
    </ClInclude>
    <ClInclude Include="External Resources\Imgui\imgui.h">
      <Filter>IMGUI</Filter>
    </ClInclude>
    <ClInclude Include="External Resources\Imgui\imgui_impl_glfw.h">
      <Filter>IMGUI</Filter>
    </ClInclude>
    <ClInclude Include="External Resources\Imgui\imgui_impl_opengl3.h">
      <Filter>IMGUI</Filter>
    </ClInclude>
    <ClInclude Include="External Resources\Imgui\imgui_internal.h">
      <Filter>IMGUI</Filter>
    </ClInclude>
    <ClInclude Include="External Resources\Imgui\imstb_rectpack.h">
      <Filter>IMGUI</Filter>
    </ClInclude>
    <ClInclude Include="External Resources\Imgui\imstb_textedit.h">
      <Filter>IMGUI</Filter>
    </ClInclude>
    <ClInclude Include="External Resources\Imgui\imstb_truetype.h">
      <Filter>IMGUI</Filter>
    </ClInclude>
    <ClInclude Include="src\Header\Application.hpp">
      <Filter>Include</Filter>
    </ClInclude>
    <ClInclude Include="src\Header\framework.hpp">
      <Filter>Include</Filter>
    </ClInclude>
    <ClInclude Include="src\Header\Main.hpp">
      <Filter>Include</Filter>
    </ClInclude>
    <ClInclude Include="src\Header\pch.hpp">
      <Filter>Include</Filter>
    </ClInclude>
    <ClInclude Include="src\Header\Resource.hpp">
      <Filter>Include</Filter>
    </ClInclude>
    <ClInclude Include="src\Header\targetver.hpp">
      <Filter>Include</Filter>
    </ClInclude>
    <ClInclude Include="src\Header\Window.hpp">
      <Filter>Include</Filter>
    </ClInclude>
    <ClInclude Include="src\Header\Component\ComponentArray.hpp">
      <Filter>Include\Component</Filter>
    </ClInclude>
    <ClInclude Include="src\Header\Component\ComponentManager.hpp">
      <Filter>Include\Component</Filter>
    </ClInclude>
    <ClInclude Include="src\Header\Entity\EntityManager.hpp">
      <Filter>Include\Entity</Filter>
    </ClInclude>
    <ClInclude Include="src\Header\Event\Event.hpp">
      <Filter>Include\Event</Filter>
    </ClInclude>
    <ClInclude Include="src\Header\Event\EventDispatcher.hpp">
      <Filter>Include\Event</Filter>
    </ClInclude>
    <ClInclude Include="src\Header\Layer\GUILayer.hpp">
      <Filter>Include\Layer</Filter>
    </ClInclude>
    <ClInclude Include="src\Header\Event\KeyEvent.hpp">
      <Filter>Include\Event</Filter>
    </ClInclude>
    <ClInclude Include="src\Header\Layer\Layer.hpp">
      <Filter>Include\Layer</Filter>
    </ClInclude>
    <ClInclude Include="src\Header\Layer\LayerStack.hpp">
      <Filter>Include\Layer</Filter>
    </ClInclude>
    <ClInclude Include="src\Header\Debug Tools\Logging.hpp">
      <Filter>Include\Debug Tools</Filter>
    </ClInclude>
    <ClInclude Include="src\Header\Event\MouseEvent.hpp">
      <Filter>Include\Event</Filter>
    </ClInclude>
    <ClInclude Include="src\Header\System\PhysicSystem.hpp">
      <Filter>Include\System</Filter>
    </ClInclude>
    <ClInclude Include="src\Header\System\System.hpp">
      <Filter>Include\System</Filter>
    </ClInclude>
    <ClInclude Include="src\Header\System\SystemManager.hpp">
      <Filter>Include\System</Filter>
    </ClInclude>
    <ClInclude Include="src\Header\Math\Vector.hpp">
      <Filter>Include\Math</Filter>
    </ClInclude>
    <ClInclude Include="src\Header\Math\Vector2D.hpp">
      <Filter>Include\Math</Filter>
    </ClInclude>
    <ClInclude Include="src\Header\Math\Vector3D.hpp">
      <Filter>Include\Math</Filter>
    </ClInclude>
    <ClInclude Include="src\Header\Event\WindowEvent.hpp">
      <Filter>Include\Event</Filter>
    </ClInclude>
    <ClInclude Include="src\Header\Component\Physics\ColliderComponent.hpp">
      <Filter>Include\Component\Physics</Filter>
    </ClInclude>
    <ClInclude Include="src\Header\Component\Physics\RigidBodyComponent.hpp">
      <Filter>Include\Component\Physics</Filter>
    </ClInclude>
    <ClInclude Include="src\Header\Coordinator\Coordinator.hpp">
      <Filter>Include\Coordinator</Filter>
    </ClInclude>
    <ClInclude Include="src\Header\System\GraphicSystem.hpp">
      <Filter>Include\System</Filter>
    </ClInclude>
    <ClInclude Include="src\Header\Component\Graphics\TransformComponent.hpp">
      <Filter>Include\Component\Graphics</Filter>
    </ClInclude>
    <ClInclude Include="src\Header\ECSGlobal.hpp">
      <Filter>Include</Filter>
    </ClInclude>
    <ClInclude Include="src\Header\Math\Matrix.hpp">
      <Filter>Include\Math</Filter>
    </ClInclude>
    <ClInclude Include="src\Header\Math\Matrix3.hpp">
      <Filter>Include\Math</Filter>
    </ClInclude>
    <ClInclude Include="src\Header\Physic\Physic.hpp">
      <Filter>Include\Physic</Filter>
    </ClInclude>
    <ClInclude Include="src\Header\Graphic\glslshader.hpp">
      <Filter>Include\Graphic</Filter>
    </ClInclude>
    <ClInclude Include="src\Header\Graphic\Graphic.hpp">
      <Filter>Include\Graphic</Filter>
    </ClInclude>
    <ClInclude Include="src\Header\Component\Graphics\RendererComponent.hpp">
      <Filter>Include\Component\Graphics</Filter>
    </ClInclude>
    <ClInclude Include="src\Header\Math\MathLib.hpp">
      <Filter>Include\Math</Filter>
    </ClInclude>
    <ClInclude Include="src\Header\Graphic\Camera.hpp">
      <Filter>Include\Graphic</Filter>
    </ClInclude>
    <ClInclude Include="src\Header\Factory\Factory.hpp">
      <Filter>Include\Factory</Filter>
    </ClInclude>
    <ClInclude Include="src\Header\GameScene.hpp">
      <Filter>Include</Filter>
    </ClInclude>
    <ClInclude Include="src\Header\Component\Script\ScriptComponent.hpp">
      <Filter>Include\Component</Filter>
    </ClInclude>
    <ClInclude Include="src\Header\Script\Script.hpp">
      <Filter>Include\Script</Filter>
    </ClInclude>
    <ClInclude Include="src\Header\System\ScriptSystem.hpp">
      <Filter>Include\System</Filter>
    </ClInclude>
    <ClInclude Include="src\Code\PlayerController.hpp">
      <Filter>Include</Filter>
    </ClInclude>
  </ItemGroup>
  <ItemGroup>
    <Filter Include="IMGUI">
      <UniqueIdentifier>{f14a8a56-f47e-48b7-b9c8-c5a12a06cef8}</UniqueIdentifier>
    </Filter>
    <Filter Include="Include">
      <UniqueIdentifier>{a140a049-374f-43a6-abf3-32cae0728b78}</UniqueIdentifier>
    </Filter>
    <Filter Include="Source">
      <UniqueIdentifier>{5a5deca2-ec14-410b-bbe9-a40138cb7d76}</UniqueIdentifier>
    </Filter>
    <Filter Include="Include\Component">
      <UniqueIdentifier>{cc79b8e9-0a74-49f8-a599-e7d98fa59825}</UniqueIdentifier>
    </Filter>
    <Filter Include="Include\Debug Tools">
      <UniqueIdentifier>{e1a3f171-2b80-480f-a84a-8767e7f803ac}</UniqueIdentifier>
    </Filter>
    <Filter Include="Include\Entity">
      <UniqueIdentifier>{ff9393d6-73f2-4dbe-bef3-13aae52eaa7e}</UniqueIdentifier>
    </Filter>
    <Filter Include="Include\Event">
      <UniqueIdentifier>{66fb1f04-5266-409f-ba14-daa626448fb4}</UniqueIdentifier>
    </Filter>
    <Filter Include="Include\Layer">
      <UniqueIdentifier>{6c517007-9406-4560-aebd-ab90d82684fd}</UniqueIdentifier>
    </Filter>
    <Filter Include="Include\Math">
      <UniqueIdentifier>{acd7abb9-d959-4e52-a912-ddde3f757556}</UniqueIdentifier>
    </Filter>
    <Filter Include="Include\System">
      <UniqueIdentifier>{dbfa4c4b-c23b-448b-b339-a8de17b44c63}</UniqueIdentifier>
    </Filter>
    <Filter Include="Include\Component\Graphics">
      <UniqueIdentifier>{eafddf71-fc57-4359-a496-16e24158be0c}</UniqueIdentifier>
    </Filter>
    <Filter Include="Include\Component\Physics">
      <UniqueIdentifier>{0c1bf060-eec0-4ebf-ba78-3e79b1451993}</UniqueIdentifier>
    </Filter>
    <Filter Include="Include\Coordinator">
      <UniqueIdentifier>{d14a90c2-3b43-4fe1-a337-b941db1f4cfe}</UniqueIdentifier>
    </Filter>
    <Filter Include="Source\Layer">
      <UniqueIdentifier>{0a9fb1a7-829e-417d-905a-5db1272347fa}</UniqueIdentifier>
    </Filter>
    <Filter Include="Source\System">
      <UniqueIdentifier>{b832560a-ee18-4384-a0a0-2e554506447e}</UniqueIdentifier>
    </Filter>
    <Filter Include="Include\Graphic">
      <UniqueIdentifier>{b91f86a0-acb8-4984-802a-a5521ca6b5be}</UniqueIdentifier>
    </Filter>
    <Filter Include="Include\Physic">
      <UniqueIdentifier>{8b8a7069-a49b-4eef-8374-4e56f8cdaa43}</UniqueIdentifier>
    </Filter>
    <Filter Include="Source\Graphic">
      <UniqueIdentifier>{c5308f26-0fd5-4b85-9392-0b77893c3e12}</UniqueIdentifier>
    </Filter>
    <Filter Include="Source\Physic">
      <UniqueIdentifier>{dc1ea627-26d8-4fc4-a174-0c97291fd9aa}</UniqueIdentifier>
    </Filter>
    <Filter Include="Source\Factory">
      <UniqueIdentifier>{34e50e1e-db35-4ae4-ad5b-58491d05e72d}</UniqueIdentifier>
    </Filter>
    <Filter Include="Include\Factory">
      <UniqueIdentifier>{4bf1861e-b9b7-4b8f-a541-18170daf07a7}</UniqueIdentifier>
    </Filter>
    <Filter Include="Include\Script">
      <UniqueIdentifier>{483481f8-2f2d-4834-a45e-21413a89b39a}</UniqueIdentifier>
    </Filter>
  </ItemGroup>
</Project>