<?xml version="1.0" encoding="utf-8"?>
<Project ToolsVersion="4.0" xmlns="http://schemas.microsoft.com/developer/msbuild/2003">
  <ItemGroup>
    <ClCompile Include="External Resources\stb_image\stb_image.cpp">
      <Filter>External Resources\Stb</Filter>
    </ClCompile>
    <ClCompile Include="src\Code\System\CameraSystem.cpp">
      <Filter>Source\ECS</Filter>
    </ClCompile>
    <ClCompile Include="src\Code\Graphic\glslshader.cpp">
      <Filter>Source\Graphic</Filter>
    </ClCompile>
    <ClCompile Include="src\Code\Graphic\Graphic.cpp">
      <Filter>Source\Graphic</Filter>
    </ClCompile>
    <ClCompile Include="src\Header\System\GraphicSystem.cpp">
      <Filter>Source\ECS</Filter>
    </ClCompile>
    <ClCompile Include="src\Code\Layer\GUILayer.cpp">
      <Filter>Source\Layer</Filter>
    </ClCompile>
    <ClCompile Include="src\Code\Layer\LayerStack.cpp">
      <Filter>Source\Layer</Filter>
    </ClCompile>
    <ClCompile Include="src\Code\Physic\Physic.cpp">
      <Filter>Source\Physic</Filter>
    </ClCompile>
    <ClCompile Include="src\Code\Management\ResourceManager.cpp">
      <Filter>Source\Management</Filter>
    </ClCompile>
    <ClCompile Include="src\Code\System\ScriptSystem.cpp">
      <Filter>Source\ECS</Filter>
    </ClCompile>
    <ClCompile Include="src\Code\Component\Graphics\TextureComponent.cpp">
      <Filter>Source\ECS</Filter>
    </ClCompile>
    <ClCompile Include="src\Code\Script\ScriptEmbed.cpp">
      <Filter>Source\Script</Filter>
    </ClCompile>
    <ClCompile Include="src\Code\System\PhysicSystem.cpp">
      <Filter>Source\ECS</Filter>
    </ClCompile>
    <ClCompile Include="src\Code\Window.cpp">
      <Filter>Source\Window</Filter>
    </ClCompile>
    <ClCompile Include="src\Code\Factory\Factory.cpp">
      <Filter>Source\Factory</Filter>
    </ClCompile>
    <ClCompile Include="src\Code\GameScene.cpp">
      <Filter>Source\Game Scene</Filter>
    </ClCompile>
    <ClCompile Include="src\Code\Application.cpp">
      <Filter>Source\Application</Filter>
    </ClCompile>
    <ClCompile Include="src\Code\Main.cpp">
      <Filter>Source\Main</Filter>
    </ClCompile>
    <ClCompile Include="External Resources\include\Imgui\imgui.cpp">
      <Filter>External Resources\Imgui</Filter>
    </ClCompile>
    <ClCompile Include="External Resources\include\Imgui\imgui_demo.cpp">
      <Filter>External Resources\Imgui</Filter>
    </ClCompile>
    <ClCompile Include="External Resources\include\Imgui\imgui_draw.cpp">
      <Filter>External Resources\Imgui</Filter>
    </ClCompile>
    <ClCompile Include="External Resources\include\Imgui\imgui_impl_glfw.cpp">
      <Filter>External Resources\Imgui</Filter>
    </ClCompile>
    <ClCompile Include="External Resources\include\Imgui\imgui_impl_opengl3.cpp">
      <Filter>External Resources\Imgui</Filter>
    </ClCompile>
    <ClCompile Include="External Resources\include\Imgui\imgui_tables.cpp">
      <Filter>External Resources\Imgui</Filter>
    </ClCompile>
    <ClCompile Include="External Resources\include\Imgui\imgui_widgets.cpp">
      <Filter>External Resources\Imgui</Filter>
    </ClCompile>
  </ItemGroup>
  <ItemGroup>
    <ClInclude Include="src\Header\framework.hpp">
      <Filter>Source</Filter>
    </ClInclude>
    <ClInclude Include="src\Header\Resource.hpp">
      <Filter>Source</Filter>
    </ClInclude>
    <ClInclude Include="External Resources\stb_image\stb_image.h">
      <Filter>External Resources\Stb</Filter>
    </ClInclude>
    <ClInclude Include="src\Header\targetver.hpp">
      <Filter>Source</Filter>
    </ClInclude>
    <ClInclude Include="src\Header\Component\Graphics\CameraComponent.hpp">
      <Filter>Source\ECS</Filter>
    </ClInclude>
    <ClInclude Include="src\Header\System\CameraSystem.hpp">
      <Filter>Source\ECS</Filter>
    </ClInclude>
    <ClInclude Include="src\Header\Component\Physics\ColliderComponent.hpp">
      <Filter>Source\ECS</Filter>
    </ClInclude>
    <ClInclude Include="src\Header\Component\ComponentArray.hpp">
      <Filter>Source\ECS</Filter>
    </ClInclude>
    <ClInclude Include="src\Header\Component\ComponentList.hpp">
      <Filter>Source\ECS</Filter>
    </ClInclude>
    <ClInclude Include="src\Header\Component\ComponentManager.hpp">
      <Filter>Source\ECS</Filter>
    </ClInclude>
    <ClInclude Include="src\Header\Coordinator\Coordinator.hpp">
      <Filter>Source\ECS</Filter>
    </ClInclude>
    <ClInclude Include="src\Header\ECSGlobal.hpp">
      <Filter>Source\ECS</Filter>
    </ClInclude>
    <ClInclude Include="src\Header\Entity\EntityManager.hpp">
      <Filter>Source\ECS\Entity</Filter>
    </ClInclude>
    <ClInclude Include="src\Header\Event\Event.hpp">
      <Filter>Source\Event</Filter>
    </ClInclude>
    <ClInclude Include="src\Header\Event\EventDispatcher.hpp">
      <Filter>Source\Event</Filter>
    </ClInclude>
    <ClInclude Include="src\Header\Graphic\glslshader.hpp">
      <Filter>Source\Graphic</Filter>
    </ClInclude>
    <ClInclude Include="src\Header\Graphic\Graphic.hpp">
      <Filter>Source\Graphic</Filter>
    </ClInclude>
    <ClInclude Include="src\Header\Math\MathLib.hpp">
      <Filter>Source\Math</Filter>
    </ClInclude>
    <ClInclude Include="src\Header\Math\Matrix.hpp">
      <Filter>Source\Math</Filter>
    </ClInclude>
    <ClInclude Include="src\Header\Math\Matrix3.hpp">
      <Filter>Source\Math</Filter>
    </ClInclude>
    <ClInclude Include="src\Header\System\GraphicSystem.hpp">
      <Filter>Source\ECS</Filter>
    </ClInclude>
    <ClInclude Include="src\Header\Event\KeyEvent.hpp">
      <Filter>Source\Event</Filter>
    </ClInclude>
    <ClInclude Include="src\Header\Event\MouseEvent.hpp">
      <Filter>Source\Event</Filter>
    </ClInclude>
    <ClInclude Include="src\Header\Event\WindowEvent.hpp">
      <Filter>Source\Event</Filter>
    </ClInclude>
    <ClInclude Include="src\Header\Layer\GUILayer.hpp">
      <Filter>Source\Layer</Filter>
    </ClInclude>
    <ClInclude Include="src\Header\Layer\Layer.hpp">
      <Filter>Source\Layer</Filter>
    </ClInclude>
    <ClInclude Include="src\Header\Layer\LayerStack.hpp">
      <Filter>Source\Layer</Filter>
    </ClInclude>
    <ClInclude Include="src\Header\Debug Tools\Logging.hpp">
      <Filter>Source\Debug</Filter>
    </ClInclude>
    <ClInclude Include="src\Header\Physic\Physic.hpp">
      <Filter>Source\Physic</Filter>
    </ClInclude>
    <ClInclude Include="src\Header\Management\ResourceManager.hpp">
      <Filter>Source\Management</Filter>
    </ClInclude>
    <ClInclude Include="src\Header\Component\Script\ScriptComponent.hpp">
      <Filter>Source\ECS</Filter>
    </ClInclude>
    <ClInclude Include="src\Header\Component\Physics\RigidBodyComponent.hpp">
      <Filter>Source\ECS</Filter>
    </ClInclude>
    <ClInclude Include="src\Header\System\SystemManager.hpp">
      <Filter>Source\ECS</Filter>
    </ClInclude>
    <ClInclude Include="src\Header\System\SystemList.hpp">
      <Filter>Source\ECS</Filter>
    </ClInclude>
    <ClInclude Include="src\Header\System\System.hpp">
      <Filter>Source\ECS</Filter>
    </ClInclude>
    <ClInclude Include="src\Header\System\ScriptSystem.hpp">
      <Filter>Source\ECS</Filter>
    </ClInclude>
    <ClInclude Include="src\Header\Component\Graphics\TextureComponent.hpp">
      <Filter>Source\ECS</Filter>
    </ClInclude>
    <ClInclude Include="src\Header\Component\Graphics\TransformComponent.hpp">
      <Filter>Source\ECS</Filter>
    </ClInclude>
    <ClInclude Include="src\Header\Script\Script.hpp">
      <Filter>Source\Script</Filter>
    </ClInclude>
    <ClInclude Include="src\Header\Script\ScriptEmbed.hpp">
      <Filter>Source\Script</Filter>
    </ClInclude>
    <ClInclude Include="src\Header\System\PhysicSystem.hpp">
      <Filter>Source\ECS</Filter>
    </ClInclude>
    <ClInclude Include="src\Header\Math\Vector.hpp">
      <Filter>Source\Math</Filter>
    </ClInclude>
    <ClInclude Include="src\Header\Math\Vector2D.hpp">
      <Filter>Source\Math</Filter>
    </ClInclude>
    <ClInclude Include="src\Header\Math\Vector3D.hpp">
      <Filter>Source\Math</Filter>
    </ClInclude>
    <ClInclude Include="src\Header\Window.hpp">
      <Filter>Source\Window</Filter>
    </ClInclude>
    <ClInclude Include="src\Code\PlayerController.hpp">
      <Filter>Source\For testing</Filter>
    </ClInclude>
    <ClInclude Include="src\Header\Factory\Factory.hpp">
      <Filter>Source\Factory</Filter>
    </ClInclude>
    <ClInclude Include="src\Header\GameScene.hpp">
      <Filter>Source\Game Scene</Filter>
    </ClInclude>
    <ClInclude Include="src\Header\Application.hpp">
      <Filter>Source\Application</Filter>
    </ClInclude>
    <ClInclude Include="src\Header\pch.hpp">
      <Filter>Source\PCH</Filter>
    </ClInclude>
    <ClInclude Include="External Resources\include\Imgui\imconfig.h">
      <Filter>External Resources\Imgui</Filter>
    </ClInclude>
    <ClInclude Include="External Resources\include\Imgui\imgui.h">
      <Filter>External Resources\Imgui</Filter>
    </ClInclude>
    <ClInclude Include="External Resources\include\Imgui\imgui_impl_glfw.h">
      <Filter>External Resources\Imgui</Filter>
    </ClInclude>
    <ClInclude Include="External Resources\include\Imgui\imgui_impl_opengl3.h">
      <Filter>External Resources\Imgui</Filter>
    </ClInclude>
    <ClInclude Include="External Resources\include\Imgui\imgui_internal.h">
      <Filter>External Resources\Imgui</Filter>
    </ClInclude>
    <ClInclude Include="External Resources\include\Imgui\imstb_rectpack.h">
      <Filter>External Resources\Imgui</Filter>
    </ClInclude>
    <ClInclude Include="External Resources\include\Imgui\imstb_textedit.h">
      <Filter>External Resources\Imgui</Filter>
    </ClInclude>
    <ClInclude Include="External Resources\include\Imgui\imstb_truetype.h">
      <Filter>External Resources\Imgui</Filter>
    </ClInclude>
    <ClInclude Include="src\Header\TimeClock\TimeClock.hpp">
      <Filter>Source\TimeClock</Filter>
    </ClInclude>
    <ClInclude Include="src\Header\DreamEngine.hpp">
      <Filter>Source</Filter>
    </ClInclude>
  </ItemGroup>
  <ItemGroup>
    <None Include="shaders\OpenGLEngine.frag">
      <Filter>Shader</Filter>
    </None>
    <None Include="shaders\OpenGLEngine.vert">
      <Filter>Shader</Filter>
    </None>
  </ItemGroup>
  <ItemGroup>
    <Filter Include="Source">
      <UniqueIdentifier>{df7c1f04-0d5d-4a05-bb76-e9b7701d0504}</UniqueIdentifier>
    </Filter>
    <Filter Include="Shader">
      <UniqueIdentifier>{f977a48c-7258-4b12-bf94-22261a355203}</UniqueIdentifier>
    </Filter>
    <Filter Include="Source\Math">
      <UniqueIdentifier>{67cf948a-fe7d-4e74-9115-25a5b5d93d5b}</UniqueIdentifier>
    </Filter>
    <Filter Include="Source\ECS">
      <UniqueIdentifier>{9fcbe312-06a3-4a74-a33e-21d2990c3258}</UniqueIdentifier>
    </Filter>
    <Filter Include="Source\ECS\Entity">
      <UniqueIdentifier>{ce600f1e-f460-4bb1-a360-5d38c3c5ca0b}</UniqueIdentifier>
    </Filter>
    <Filter Include="Source\ECS\System">
      <UniqueIdentifier>{9b1587dd-68c7-469a-a4c3-ff211c16be56}</UniqueIdentifier>
    </Filter>
    <Filter Include="Source\ECS\Component">
      <UniqueIdentifier>{4029959a-092c-4a5c-99d3-2269e9d1d0f0}</UniqueIdentifier>
    </Filter>
    <Filter Include="Source\Graphic">
      <UniqueIdentifier>{379e8f15-b7fa-4644-a3dd-95889b9e6e44}</UniqueIdentifier>
    </Filter>
    <Filter Include="Source\Physic">
      <UniqueIdentifier>{e0151931-cd9d-4370-a0bf-4e95882f2cee}</UniqueIdentifier>
    </Filter>
    <Filter Include="Source\Event">
      <UniqueIdentifier>{0d59e312-8bc9-40db-a601-7691764b2648}</UniqueIdentifier>
    </Filter>
    <Filter Include="Source\Layer">
      <UniqueIdentifier>{bfb7d157-920b-4955-9fed-618dc445f01f}</UniqueIdentifier>
    </Filter>
    <Filter Include="Source\Debug">
      <UniqueIdentifier>{ec716e46-8cc4-4e41-a556-2e08bc5426a2}</UniqueIdentifier>
    </Filter>
    <Filter Include="Source\Management">
      <UniqueIdentifier>{35564e28-91d6-4a8e-9e03-cd8615472d35}</UniqueIdentifier>
    </Filter>
    <Filter Include="Source\Script">
      <UniqueIdentifier>{c93311ed-636c-4272-acbe-c7a77ac1d118}</UniqueIdentifier>
    </Filter>
    <Filter Include="Source\Window">
      <UniqueIdentifier>{7b61d89f-299e-4490-9166-c22aff9f0588}</UniqueIdentifier>
    </Filter>
    <Filter Include="External Resources">
      <UniqueIdentifier>{94f466c9-52e4-4541-9652-2efee2541d0f}</UniqueIdentifier>
    </Filter>
    <Filter Include="External Resources\Imgui">
      <UniqueIdentifier>{a20dd863-545a-416a-9b7a-0e02c0461bf5}</UniqueIdentifier>
    </Filter>
    <Filter Include="External Resources\Stb">
      <UniqueIdentifier>{0121a3f0-d77d-4a86-80d3-02170d7f1210}</UniqueIdentifier>
    </Filter>
    <Filter Include="Source\For testing">
      <UniqueIdentifier>{58088495-1425-4a3e-a945-d078a742ec56}</UniqueIdentifier>
    </Filter>
    <Filter Include="Source\Factory">
      <UniqueIdentifier>{f5bbc607-d78f-4d8b-bf3d-96e1460b5d23}</UniqueIdentifier>
    </Filter>
    <Filter Include="Source\Game Scene">
      <UniqueIdentifier>{f4b2e100-0c8f-4f30-82ac-e0178fbe121c}</UniqueIdentifier>
    </Filter>
    <Filter Include="Source\Application">
      <UniqueIdentifier>{2582a546-6ff6-41f5-b1eb-23e69a5122a9}</UniqueIdentifier>
    </Filter>
    <Filter Include="Source\Main">
      <UniqueIdentifier>{eb0f5f45-8be2-4f1e-863c-986aed96f60d}</UniqueIdentifier>
    </Filter>
    <Filter Include="Source\PCH">
      <UniqueIdentifier>{dabc03ef-1faa-4294-943e-e6365672eb83}</UniqueIdentifier>
    </Filter>
    <Filter Include="Source\TimeClock">
      <UniqueIdentifier>{76eaaeaa-30bd-4d22-b1bf-a8eda723616b}</UniqueIdentifier>
    </Filter>
  </ItemGroup>
</Project>