
Microsoft Visual Studio Solution File, Format Version 12.00
# Visual Studio Version 16
VisualStudioVersion = 16.0.31129.286
MinimumVisualStudioVersion = 10.0.40219.1
Project("{8BC9CEB8-8B4A-11D0-8D11-00A0C91BC942}") = "Editor", "Editor\Editor.vcxproj", "{7D6EFB2C-B994-4EB0-8D2D-9F7D5B4AFD16}"
	ProjectSection(ProjectDependencies) = postProject
		{D2643572-4949-4DB4-9E76-91CA36D5B4AE} = {D2643572-4949-4DB4-9E76-91CA36D5B4AE}
	EndProjectSection
EndProject
Project("{8BC9CEB8-8B4A-11D0-8D11-00A0C91BC942}") = "Sandbox", "Sandbox\Sandbox.vcxproj", "{1B9FE1DC-6D92-4671-A041-BEDCD6F06AD9}"
EndProject
Project("{8BC9CEB8-8B4A-11D0-8D11-00A0C91BC942}") = "Engine", "Engine\Engine.vcxproj", "{F1ED2FB0-16C2-4362-A3E4-6992BE2F6F90}"
EndProject
Project("{FAE04EC0-301F-11D3-BF4B-00C04F79EFBC}") = "EngineCS", "EngineCS\EngineCS.csproj", "{D2643572-4949-4DB4-9E76-91CA36D5B4AE}"
EndProject
Global
	GlobalSection(SolutionConfigurationPlatforms) = preSolution
		Debug|Any CPU = Debug|Any CPU
		Debug|x64 = Debug|x64
		Debug|x86 = Debug|x86
		Release|Any CPU = Release|Any CPU
		Release|x64 = Release|x64
		Release|x86 = Release|x86
	EndGlobalSection
	GlobalSection(ProjectConfigurationPlatforms) = postSolution
		{7D6EFB2C-B994-4EB0-8D2D-9F7D5B4AFD16}.Debug|Any CPU.ActiveCfg = Debug|Win32
		{7D6EFB2C-B994-4EB0-8D2D-9F7D5B4AFD16}.Debug|x64.ActiveCfg = Debug|x64
		{7D6EFB2C-B994-4EB0-8D2D-9F7D5B4AFD16}.Debug|x64.Build.0 = Debug|x64
		{7D6EFB2C-B994-4EB0-8D2D-9F7D5B4AFD16}.Debug|x86.ActiveCfg = Debug|Win32
		{7D6EFB2C-B994-4EB0-8D2D-9F7D5B4AFD16}.Debug|x86.Build.0 = Debug|Win32
		{7D6EFB2C-B994-4EB0-8D2D-9F7D5B4AFD16}.Release|Any CPU.ActiveCfg = Release|Win32
		{7D6EFB2C-B994-4EB0-8D2D-9F7D5B4AFD16}.Release|x64.ActiveCfg = Release|x64
		{7D6EFB2C-B994-4EB0-8D2D-9F7D5B4AFD16}.Release|x64.Build.0 = Release|x64
		{7D6EFB2C-B994-4EB0-8D2D-9F7D5B4AFD16}.Release|x86.ActiveCfg = Release|Win32
		{7D6EFB2C-B994-4EB0-8D2D-9F7D5B4AFD16}.Release|x86.Build.0 = Release|Win32
		{1B9FE1DC-6D92-4671-A041-BEDCD6F06AD9}.Debug|Any CPU.ActiveCfg = Debug|Win32
		{1B9FE1DC-6D92-4671-A041-BEDCD6F06AD9}.Debug|x64.ActiveCfg = Debug|x64
		{1B9FE1DC-6D92-4671-A041-BEDCD6F06AD9}.Debug|x64.Build.0 = Debug|x64
		{1B9FE1DC-6D92-4671-A041-BEDCD6F06AD9}.Debug|x86.ActiveCfg = Debug|Win32
		{1B9FE1DC-6D92-4671-A041-BEDCD6F06AD9}.Debug|x86.Build.0 = Debug|Win32
		{1B9FE1DC-6D92-4671-A041-BEDCD6F06AD9}.Release|Any CPU.ActiveCfg = Release|Win32
		{1B9FE1DC-6D92-4671-A041-BEDCD6F06AD9}.Release|x64.ActiveCfg = Release|x64
		{1B9FE1DC-6D92-4671-A041-BEDCD6F06AD9}.Release|x64.Build.0 = Release|x64
		{1B9FE1DC-6D92-4671-A041-BEDCD6F06AD9}.Release|x86.ActiveCfg = Release|Win32
		{1B9FE1DC-6D92-4671-A041-BEDCD6F06AD9}.Release|x86.Build.0 = Release|Win32
		{F1ED2FB0-16C2-4362-A3E4-6992BE2F6F90}.Debug|Any CPU.ActiveCfg = Debug|Win32
		{F1ED2FB0-16C2-4362-A3E4-6992BE2F6F90}.Debug|x64.ActiveCfg = Debug|x64
		{F1ED2FB0-16C2-4362-A3E4-6992BE2F6F90}.Debug|x64.Build.0 = Debug|x64
		{F1ED2FB0-16C2-4362-A3E4-6992BE2F6F90}.Debug|x86.ActiveCfg = Debug|Win32
		{F1ED2FB0-16C2-4362-A3E4-6992BE2F6F90}.Debug|x86.Build.0 = Debug|Win32
		{F1ED2FB0-16C2-4362-A3E4-6992BE2F6F90}.Release|Any CPU.ActiveCfg = Release|Win32
		{F1ED2FB0-16C2-4362-A3E4-6992BE2F6F90}.Release|x64.ActiveCfg = Release|x64
		{F1ED2FB0-16C2-4362-A3E4-6992BE2F6F90}.Release|x64.Build.0 = Release|x64
		{F1ED2FB0-16C2-4362-A3E4-6992BE2F6F90}.Release|x86.ActiveCfg = Release|Win32
		{F1ED2FB0-16C2-4362-A3E4-6992BE2F6F90}.Release|x86.Build.0 = Release|Win32
		{D2643572-4949-4DB4-9E76-91CA36D5B4AE}.Debug|Any CPU.ActiveCfg = Debug|Any CPU
		{D2643572-4949-4DB4-9E76-91CA36D5B4AE}.Debug|Any CPU.Build.0 = Debug|Any CPU
		{D2643572-4949-4DB4-9E76-91CA36D5B4AE}.Debug|x64.ActiveCfg = Debug|Any CPU
		{D2643572-4949-4DB4-9E76-91CA36D5B4AE}.Debug|x64.Build.0 = Debug|Any CPU
		{D2643572-4949-4DB4-9E76-91CA36D5B4AE}.Debug|x86.ActiveCfg = Debug|Any CPU
		{D2643572-4949-4DB4-9E76-91CA36D5B4AE}.Debug|x86.Build.0 = Debug|Any CPU
		{D2643572-4949-4DB4-9E76-91CA36D5B4AE}.Release|Any CPU.ActiveCfg = Release|Any CPU
		{D2643572-4949-4DB4-9E76-91CA36D5B4AE}.Release|Any CPU.Build.0 = Release|Any CPU
		{D2643572-4949-4DB4-9E76-91CA36D5B4AE}.Release|x64.ActiveCfg = Release|Any CPU
		{D2643572-4949-4DB4-9E76-91CA36D5B4AE}.Release|x64.Build.0 = Release|Any CPU
		{D2643572-4949-4DB4-9E76-91CA36D5B4AE}.Release|x86.ActiveCfg = Release|Any CPU
		{D2643572-4949-4DB4-9E76-91CA36D5B4AE}.Release|x86.Build.0 = Release|Any CPU
	EndGlobalSection
	GlobalSection(SolutionProperties) = preSolution
		HideSolutionNode = FALSE
	EndGlobalSection
	GlobalSection(ExtensibilityGlobals) = postSolution
		SolutionGuid = {B11ABA1E-161C-4CFA-B63A-BE7214C5180B}
	EndGlobalSection
EndGlobal
